// !$*UTF8*$!
{
	archiveVersion = 1;
	classes = {
	};
	objectVersion = 48;
	objects = {

/* Begin PBXBuildFile section */
		56C9E013748C282EA23BDBD6 /* Pods_ReviewApp.framework in Frameworks */ = {isa = PBXBuildFile; fileRef = 8DC9DBF0B0D229FBD2A124D9 /* Pods_ReviewApp.framework */; };
		738DEAA220BD533000E1512B /* VCReview.swift in Sources */ = {isa = PBXBuildFile; fileRef = 738DEAA120BD533000E1512B /* VCReview.swift */; };
		73ACA01420D267E400727920 /* VCPerfil.swift in Sources */ = {isa = PBXBuildFile; fileRef = 73ACA01320D267E400727920 /* VCPerfil.swift */; };
		73ACA01620D2D47C00727920 /* TVCMiCelda1.swift in Sources */ = {isa = PBXBuildFile; fileRef = 73ACA01520D2D47C00727920 /* TVCMiCelda1.swift */; };
		73ACA01820D2D4CC00727920 /* VCPrincipal.swift in Sources */ = {isa = PBXBuildFile; fileRef = 73ACA01720D2D4CC00727920 /* VCPrincipal.swift */; };
		AA0A629E20C672700046BD59 /* VCsubirReviewViewController.swift in Sources */ = {isa = PBXBuildFile; fileRef = AA0A629D20C672700046BD59 /* VCsubirReviewViewController.swift */; };
		AA0A62A020C676830046BD59 /* VCupladReview.swift in Sources */ = {isa = PBXBuildFile; fileRef = AA0A629F20C676830046BD59 /* VCupladReview.swift */; };
		AA775DCA20D029E0007E37A6 /* TVCMenu.swift in Sources */ = {isa = PBXBuildFile; fileRef = AA775DC920D029E0007E37A6 /* TVCMenu.swift */; };
		AA7E9BE920AEBAEB00ED1538 /* GoogleService-Info.plist in Resources */ = {isa = PBXBuildFile; fileRef = AA7E9BE820AEBAEB00ED1538 /* GoogleService-Info.plist */; };
		AA7E9BEB20AEBB7D00ED1538 /* VCLogin.swift in Sources */ = {isa = PBXBuildFile; fileRef = AA7E9BEA20AEBB7D00ED1538 /* VCLogin.swift */; };
		AA7E9BED20AEBF0000ED1538 /* Perfil.swift in Sources */ = {isa = PBXBuildFile; fileRef = AA7E9BEC20AEBF0000ED1538 /* Perfil.swift */; };
		AA7E9BEF20AEBFD000ED1538 /* Review.swift in Sources */ = {isa = PBXBuildFile; fileRef = AA7E9BEE20AEBFD000ED1538 /* Review.swift */; };
		AA7E9BF120AEC3CE00ED1538 /* VCRegister.swift in Sources */ = {isa = PBXBuildFile; fileRef = AA7E9BF020AEC3CE00ED1538 /* VCRegister.swift */; };
		AAEC236B20AE303D00A7A569 /* AppDelegate.swift in Sources */ = {isa = PBXBuildFile; fileRef = AAEC236A20AE303D00A7A569 /* AppDelegate.swift */; };
		AAEC236D20AE303D00A7A569 /* ViewController.swift in Sources */ = {isa = PBXBuildFile; fileRef = AAEC236C20AE303D00A7A569 /* ViewController.swift */; };
		AAEC237020AE303D00A7A569 /* Main.storyboard in Resources */ = {isa = PBXBuildFile; fileRef = AAEC236E20AE303D00A7A569 /* Main.storyboard */; };
		AAEC237220AE303D00A7A569 /* Assets.xcassets in Resources */ = {isa = PBXBuildFile; fileRef = AAEC237120AE303D00A7A569 /* Assets.xcassets */; };
		AAEC237520AE303D00A7A569 /* LaunchScreen.storyboard in Resources */ = {isa = PBXBuildFile; fileRef = AAEC237320AE303D00A7A569 /* LaunchScreen.storyboard */; };
		AAEC237D20AE36E400A7A569 /* DataHolder.swift in Sources */ = {isa = PBXBuildFile; fileRef = AAEC237C20AE36E400A7A569 /* DataHolder.swift */; };
		AAEE841220D129D50049719D /* VCAbout.swift in Sources */ = {isa = PBXBuildFile; fileRef = AAEE841120D129D50049719D /* VCAbout.swift */; };
		AAEE841420D132D10049719D /* VCGitHubAlvaro.swift in Sources */ = {isa = PBXBuildFile; fileRef = AAEE841320D132D10049719D /* VCGitHubAlvaro.swift */; };
/* End PBXBuildFile section */

/* Begin PBXFileReference section */
		738DEAA120BD533000E1512B /* VCReview.swift */ = {isa = PBXFileReference; lastKnownFileType = sourcecode.swift; path = VCReview.swift; sourceTree = "<group>"; };
		73ACA01320D267E400727920 /* VCPerfil.swift */ = {isa = PBXFileReference; lastKnownFileType = sourcecode.swift; path = VCPerfil.swift; sourceTree = "<group>"; };
		73ACA01520D2D47C00727920 /* TVCMiCelda1.swift */ = {isa = PBXFileReference; lastKnownFileType = sourcecode.swift; path = TVCMiCelda1.swift; sourceTree = "<group>"; };
		73ACA01720D2D4CC00727920 /* VCPrincipal.swift */ = {isa = PBXFileReference; lastKnownFileType = sourcecode.swift; path = VCPrincipal.swift; sourceTree = "<group>"; };
		8DC9DBF0B0D229FBD2A124D9 /* Pods_ReviewApp.framework */ = {isa = PBXFileReference; explicitFileType = wrapper.framework; includeInIndex = 0; path = Pods_ReviewApp.framework; sourceTree = BUILT_PRODUCTS_DIR; };
		AA0A629D20C672700046BD59 /* VCsubirReviewViewController.swift */ = {isa = PBXFileReference; lastKnownFileType = sourcecode.swift; path = VCsubirReviewViewController.swift; sourceTree = "<group>"; };
		AA0A629F20C676830046BD59 /* VCupladReview.swift */ = {isa = PBXFileReference; lastKnownFileType = sourcecode.swift; path = VCupladReview.swift; sourceTree = "<group>"; };
		AA775DC920D029E0007E37A6 /* TVCMenu.swift */ = {isa = PBXFileReference; lastKnownFileType = sourcecode.swift; path = TVCMenu.swift; sourceTree = "<group>"; };
		AA7E9BE820AEBAEB00ED1538 /* GoogleService-Info.plist */ = {isa = PBXFileReference; fileEncoding = 4; lastKnownFileType = text.plist.xml; path = "GoogleService-Info.plist"; sourceTree = SOURCE_ROOT; };
		AA7E9BEA20AEBB7D00ED1538 /* VCLogin.swift */ = {isa = PBXFileReference; lastKnownFileType = sourcecode.swift; path = VCLogin.swift; sourceTree = "<group>"; };
		AA7E9BEC20AEBF0000ED1538 /* Perfil.swift */ = {isa = PBXFileReference; lastKnownFileType = sourcecode.swift; path = Perfil.swift; sourceTree = "<group>"; };
		AA7E9BEE20AEBFD000ED1538 /* Review.swift */ = {isa = PBXFileReference; lastKnownFileType = sourcecode.swift; path = Review.swift; sourceTree = "<group>"; };
		AA7E9BF020AEC3CE00ED1538 /* VCRegister.swift */ = {isa = PBXFileReference; lastKnownFileType = sourcecode.swift; path = VCRegister.swift; sourceTree = "<group>"; };
		AAEC236720AE303D00A7A569 /* ReviewApp.app */ = {isa = PBXFileReference; explicitFileType = wrapper.application; includeInIndex = 0; path = ReviewApp.app; sourceTree = BUILT_PRODUCTS_DIR; };
		AAEC236A20AE303D00A7A569 /* AppDelegate.swift */ = {isa = PBXFileReference; lastKnownFileType = sourcecode.swift; path = AppDelegate.swift; sourceTree = "<group>"; };
		AAEC236C20AE303D00A7A569 /* ViewController.swift */ = {isa = PBXFileReference; lastKnownFileType = sourcecode.swift; path = ViewController.swift; sourceTree = "<group>"; };
		AAEC236F20AE303D00A7A569 /* Base */ = {isa = PBXFileReference; lastKnownFileType = file.storyboard; name = Base; path = Base.lproj/Main.storyboard; sourceTree = "<group>"; };
		AAEC237120AE303D00A7A569 /* Assets.xcassets */ = {isa = PBXFileReference; lastKnownFileType = folder.assetcatalog; path = Assets.xcassets; sourceTree = "<group>"; };
		AAEC237420AE303D00A7A569 /* Base */ = {isa = PBXFileReference; lastKnownFileType = file.storyboard; name = Base; path = Base.lproj/LaunchScreen.storyboard; sourceTree = "<group>"; };
		AAEC237620AE303D00A7A569 /* Info.plist */ = {isa = PBXFileReference; lastKnownFileType = text.plist.xml; path = Info.plist; sourceTree = "<group>"; };
		AAEC237C20AE36E400A7A569 /* DataHolder.swift */ = {isa = PBXFileReference; lastKnownFileType = sourcecode.swift; path = DataHolder.swift; sourceTree = "<group>"; };
		AAEE841120D129D50049719D /* VCAbout.swift */ = {isa = PBXFileReference; lastKnownFileType = sourcecode.swift; path = VCAbout.swift; sourceTree = "<group>"; };
		AAEE841320D132D10049719D /* VCGitHubAlvaro.swift */ = {isa = PBXFileReference; lastKnownFileType = sourcecode.swift; path = VCGitHubAlvaro.swift; sourceTree = "<group>"; };
		D91EC1AB484A56A422FB92AA /* Pods-ReviewApp.debug.xcconfig */ = {isa = PBXFileReference; includeInIndex = 1; lastKnownFileType = text.xcconfig; name = "Pods-ReviewApp.debug.xcconfig"; path = "Pods/Target Support Files/Pods-ReviewApp/Pods-ReviewApp.debug.xcconfig"; sourceTree = "<group>"; };
		F0CCA1F021D4D305B51BFA60 /* Pods-ReviewApp.release.xcconfig */ = {isa = PBXFileReference; includeInIndex = 1; lastKnownFileType = text.xcconfig; name = "Pods-ReviewApp.release.xcconfig"; path = "Pods/Target Support Files/Pods-ReviewApp/Pods-ReviewApp.release.xcconfig"; sourceTree = "<group>"; };
/* End PBXFileReference section */

/* Begin PBXFrameworksBuildPhase section */
		AAEC236420AE303D00A7A569 /* Frameworks */ = {
			isa = PBXFrameworksBuildPhase;
			buildActionMask = 2147483647;
			files = (
				56C9E013748C282EA23BDBD6 /* Pods_ReviewApp.framework in Frameworks */,
			);
			runOnlyForDeploymentPostprocessing = 0;
		};
/* End PBXFrameworksBuildPhase section */

/* Begin PBXGroup section */
		06AEDA69DBAD732E6851D137 /* Pods */ = {
			isa = PBXGroup;
			children = (
				D91EC1AB484A56A422FB92AA /* Pods-ReviewApp.debug.xcconfig */,
				F0CCA1F021D4D305B51BFA60 /* Pods-ReviewApp.release.xcconfig */,
			);
			name = Pods;
			sourceTree = "<group>";
		};
		9D5DBCCF3B3CDADB9825C72A /* Frameworks */ = {
			isa = PBXGroup;
			children = (
				8DC9DBF0B0D229FBD2A124D9 /* Pods_ReviewApp.framework */,
			);
			name = Frameworks;
			sourceTree = "<group>";
		};
		AAEC235E20AE303D00A7A569 = {
			isa = PBXGroup;
			children = (
				AAEC236920AE303D00A7A569 /* ReviewApp */,
				AAEC236820AE303D00A7A569 /* Products */,
				06AEDA69DBAD732E6851D137 /* Pods */,
				9D5DBCCF3B3CDADB9825C72A /* Frameworks */,
			);
			sourceTree = "<group>";
		};
		AAEC236820AE303D00A7A569 /* Products */ = {
			isa = PBXGroup;
			children = (
				AAEC236720AE303D00A7A569 /* ReviewApp.app */,
			);
			name = Products;
			sourceTree = "<group>";
		};
		AAEC236920AE303D00A7A569 /* ReviewApp */ = {
			isa = PBXGroup;
			children = (
				AA7E9BE820AEBAEB00ED1538 /* GoogleService-Info.plist */,
				AAEC236A20AE303D00A7A569 /* AppDelegate.swift */,
				AAEC236C20AE303D00A7A569 /* ViewController.swift */,
				AAEC236E20AE303D00A7A569 /* Main.storyboard */,
				AA0A629D20C672700046BD59 /* VCsubirReviewViewController.swift */,
				AAEC237120AE303D00A7A569 /* Assets.xcassets */,
				AAEC237320AE303D00A7A569 /* LaunchScreen.storyboard */,
				AAEC237620AE303D00A7A569 /* Info.plist */,
				AAEC237C20AE36E400A7A569 /* DataHolder.swift */,
				AA0A629F20C676830046BD59 /* VCupladReview.swift */,
				AA7E9BEA20AEBB7D00ED1538 /* VCLogin.swift */,
				AA7E9BEC20AEBF0000ED1538 /* Perfil.swift */,
				AA7E9BEE20AEBFD000ED1538 /* Review.swift */,
				AA7E9BF020AEC3CE00ED1538 /* VCRegister.swift */,
				738DEAA120BD533000E1512B /* VCReview.swift */,
				AA775DC920D029E0007E37A6 /* TVCMenu.swift */,
				AAEE841120D129D50049719D /* VCAbout.swift */,
				AAEE841320D132D10049719D /* VCGitHubAlvaro.swift */,
				73ACA01320D267E400727920 /* VCPerfil.swift */,
				73ACA01520D2D47C00727920 /* TVCMiCelda1.swift */,
				73ACA01720D2D4CC00727920 /* VCPrincipal.swift */,
			);
			path = ReviewApp;
			sourceTree = "<group>";
		};
/* End PBXGroup section */

/* Begin PBXNativeTarget section */
		AAEC236620AE303D00A7A569 /* ReviewApp */ = {
			isa = PBXNativeTarget;
			buildConfigurationList = AAEC237920AE303D00A7A569 /* Build configuration list for PBXNativeTarget "ReviewApp" */;
			buildPhases = (
				B56D7BCCC95224130D11EACC /* [CP] Check Pods Manifest.lock */,
				AAEC236320AE303D00A7A569 /* Sources */,
				AAEC236420AE303D00A7A569 /* Frameworks */,
				AAEC236520AE303D00A7A569 /* Resources */,
				9CB7F74FF9D15B8CD278283C /* [CP] Embed Pods Frameworks */,
				36E94AC18FD47BE0EFE168D7 /* [CP] Copy Pods Resources */,
			);
			buildRules = (
			);
			dependencies = (
			);
			name = ReviewApp;
			productName = ReviewApp;
			productReference = AAEC236720AE303D00A7A569 /* ReviewApp.app */;
			productType = "com.apple.product-type.application";
		};
/* End PBXNativeTarget section */

/* Begin PBXProject section */
		AAEC235F20AE303D00A7A569 /* Project object */ = {
			isa = PBXProject;
			attributes = {
				LastSwiftUpdateCheck = 0920;
				LastUpgradeCheck = 0930;
				ORGANIZATIONNAME = "Alvaro Sanz Rodrigo";
				TargetAttributes = {
					AAEC236620AE303D00A7A569 = {
						CreatedOnToolsVersion = 9.2;
						ProvisioningStyle = Automatic;
					};
				};
			};
			buildConfigurationList = AAEC236220AE303D00A7A569 /* Build configuration list for PBXProject "ReviewApp" */;
			compatibilityVersion = "Xcode 8.0";
			developmentRegion = en;
			hasScannedForEncodings = 0;
			knownRegions = (
				en,
				Base,
			);
			mainGroup = AAEC235E20AE303D00A7A569;
			productRefGroup = AAEC236820AE303D00A7A569 /* Products */;
			projectDirPath = "";
			projectRoot = "";
			targets = (
				AAEC236620AE303D00A7A569 /* ReviewApp */,
			);
		};
/* End PBXProject section */

/* Begin PBXResourcesBuildPhase section */
		AAEC236520AE303D00A7A569 /* Resources */ = {
			isa = PBXResourcesBuildPhase;
			buildActionMask = 2147483647;
			files = (
				AAEC237520AE303D00A7A569 /* LaunchScreen.storyboard in Resources */,
				AA7E9BE920AEBAEB00ED1538 /* GoogleService-Info.plist in Resources */,
				AAEC237220AE303D00A7A569 /* Assets.xcassets in Resources */,
				AAEC237020AE303D00A7A569 /* Main.storyboard in Resources */,
			);
			runOnlyForDeploymentPostprocessing = 0;
		};
/* End PBXResourcesBuildPhase section */

/* Begin PBXShellScriptBuildPhase section */
		36E94AC18FD47BE0EFE168D7 /* [CP] Copy Pods Resources */ = {
			isa = PBXShellScriptBuildPhase;
			buildActionMask = 2147483647;
			files = (
			);
			inputPaths = (
			);
			name = "[CP] Copy Pods Resources";
			outputPaths = (
			);
			runOnlyForDeploymentPostprocessing = 0;
			shellPath = /bin/sh;
			shellScript = "\"${SRCROOT}/Pods/Target Support Files/Pods-ReviewApp/Pods-ReviewApp-resources.sh\"\n";
			showEnvVarsInLog = 0;
		};
		9CB7F74FF9D15B8CD278283C /* [CP] Embed Pods Frameworks */ = {
			isa = PBXShellScriptBuildPhase;
			buildActionMask = 2147483647;
			files = (
			);
			inputPaths = (
				"${SRCROOT}/Pods/Target Support Files/Pods-ReviewApp/Pods-ReviewApp-frameworks.sh",
				"${BUILT_PRODUCTS_DIR}/BoringSSL/openssl.framework",
				"${BUILT_PRODUCTS_DIR}/FontAwesome.swift/FontAwesome_swift.framework",
				"${BUILT_PRODUCTS_DIR}/GTMSessionFetcher/GTMSessionFetcher.framework",
				"${BUILT_PRODUCTS_DIR}/GoogleToolboxForMac/GoogleToolboxForMac.framework",
				"${BUILT_PRODUCTS_DIR}/Protobuf/Protobuf.framework",
				"${BUILT_PRODUCTS_DIR}/SideMenu/SideMenu.framework",
				"${BUILT_PRODUCTS_DIR}/Toast-Swift/Toast_Swift.framework",
				"${BUILT_PRODUCTS_DIR}/gRPC/GRPCClient.framework",
				"${BUILT_PRODUCTS_DIR}/gRPC-Core/grpc.framework",
				"${BUILT_PRODUCTS_DIR}/gRPC-ProtoRPC/ProtoRPC.framework",
				"${BUILT_PRODUCTS_DIR}/gRPC-RxLibrary/RxLibrary.framework",
				"${BUILT_PRODUCTS_DIR}/leveldb-library/leveldb.framework",
				"${BUILT_PRODUCTS_DIR}/nanopb/nanopb.framework",
			);
			name = "[CP] Embed Pods Frameworks";
			outputPaths = (
				"${TARGET_BUILD_DIR}/${FRAMEWORKS_FOLDER_PATH}/openssl.framework",
				"${TARGET_BUILD_DIR}/${FRAMEWORKS_FOLDER_PATH}/FontAwesome_swift.framework",
				"${TARGET_BUILD_DIR}/${FRAMEWORKS_FOLDER_PATH}/GTMSessionFetcher.framework",
				"${TARGET_BUILD_DIR}/${FRAMEWORKS_FOLDER_PATH}/GoogleToolboxForMac.framework",
				"${TARGET_BUILD_DIR}/${FRAMEWORKS_FOLDER_PATH}/Protobuf.framework",
				"${TARGET_BUILD_DIR}/${FRAMEWORKS_FOLDER_PATH}/SideMenu.framework",
				"${TARGET_BUILD_DIR}/${FRAMEWORKS_FOLDER_PATH}/Toast_Swift.framework",
				"${TARGET_BUILD_DIR}/${FRAMEWORKS_FOLDER_PATH}/GRPCClient.framework",
				"${TARGET_BUILD_DIR}/${FRAMEWORKS_FOLDER_PATH}/grpc.framework",
				"${TARGET_BUILD_DIR}/${FRAMEWORKS_FOLDER_PATH}/ProtoRPC.framework",
				"${TARGET_BUILD_DIR}/${FRAMEWORKS_FOLDER_PATH}/RxLibrary.framework",
				"${TARGET_BUILD_DIR}/${FRAMEWORKS_FOLDER_PATH}/leveldb.framework",
				"${TARGET_BUILD_DIR}/${FRAMEWORKS_FOLDER_PATH}/nanopb.framework",
			);
			runOnlyForDeploymentPostprocessing = 0;
			shellPath = /bin/sh;
			shellScript = "\"${SRCROOT}/Pods/Target Support Files/Pods-ReviewApp/Pods-ReviewApp-frameworks.sh\"\n";
			showEnvVarsInLog = 0;
		};
		B56D7BCCC95224130D11EACC /* [CP] Check Pods Manifest.lock */ = {
			isa = PBXShellScriptBuildPhase;
			buildActionMask = 2147483647;
			files = (
			);
			inputPaths = (
				"${PODS_PODFILE_DIR_PATH}/Podfile.lock",
				"${PODS_ROOT}/Manifest.lock",
			);
			name = "[CP] Check Pods Manifest.lock";
			outputPaths = (
				"$(DERIVED_FILE_DIR)/Pods-ReviewApp-checkManifestLockResult.txt",
			);
			runOnlyForDeploymentPostprocessing = 0;
			shellPath = /bin/sh;
			shellScript = "diff \"${PODS_PODFILE_DIR_PATH}/Podfile.lock\" \"${PODS_ROOT}/Manifest.lock\" > /dev/null\nif [ $? != 0 ] ; then\n    # print error to STDERR\n    echo \"error: The sandbox is not in sync with the Podfile.lock. Run 'pod install' or update your CocoaPods installation.\" >&2\n    exit 1\nfi\n# This output is used by Xcode 'outputs' to avoid re-running this script phase.\necho \"SUCCESS\" > \"${SCRIPT_OUTPUT_FILE_0}\"\n";
			showEnvVarsInLog = 0;
		};
/* End PBXShellScriptBuildPhase section */

/* Begin PBXSourcesBuildPhase section */
		AAEC236320AE303D00A7A569 /* Sources */ = {
			isa = PBXSourcesBuildPhase;
			buildActionMask = 2147483647;
			files = (
				AA7E9BED20AEBF0000ED1538 /* Perfil.swift in Sources */,
				AA0A629E20C672700046BD59 /* VCsubirReviewViewController.swift in Sources */,
				73ACA01620D2D47C00727920 /* TVCMiCelda1.swift in Sources */,
				AAEC236D20AE303D00A7A569 /* ViewController.swift in Sources */,
				AA7E9BF120AEC3CE00ED1538 /* VCRegister.swift in Sources */,
				AAEC237D20AE36E400A7A569 /* DataHolder.swift in Sources */,
				AAEE841420D132D10049719D /* VCGitHubAlvaro.swift in Sources */,
				73ACA01820D2D4CC00727920 /* VCPrincipal.swift in Sources */,
				73ACA01420D267E400727920 /* VCPerfil.swift in Sources */,
				AA0A62A020C676830046BD59 /* VCupladReview.swift in Sources */,
				AA7E9BEB20AEBB7D00ED1538 /* VCLogin.swift in Sources */,
				738DEAA220BD533000E1512B /* VCReview.swift in Sources */,
				AA775DCA20D029E0007E37A6 /* TVCMenu.swift in Sources */,
				AAEE841220D129D50049719D /* VCAbout.swift in Sources */,
				AAEC236B20AE303D00A7A569 /* AppDelegate.swift in Sources */,
				AA7E9BEF20AEBFD000ED1538 /* Review.swift in Sources */,
			);
			runOnlyForDeploymentPostprocessing = 0;
		};
/* End PBXSourcesBuildPhase section */

/* Begin PBXVariantGroup section */
		AAEC236E20AE303D00A7A569 /* Main.storyboard */ = {
			isa = PBXVariantGroup;
			children = (
				AAEC236F20AE303D00A7A569 /* Base */,
			);
			name = Main.storyboard;
			sourceTree = "<group>";
		};
		AAEC237320AE303D00A7A569 /* LaunchScreen.storyboard */ = {
			isa = PBXVariantGroup;
			children = (
				AAEC237420AE303D00A7A569 /* Base */,
			);
			name = LaunchScreen.storyboard;
			sourceTree = "<group>";
		};
/* End PBXVariantGroup section */

/* Begin XCBuildConfiguration section */
		AAEC237720AE303D00A7A569 /* Debug */ = {
			isa = XCBuildConfiguration;
			buildSettings = {
				ALWAYS_SEARCH_USER_PATHS = NO;
				CLANG_ANALYZER_NONNULL = YES;
				CLANG_ANALYZER_NUMBER_OBJECT_CONVERSION = YES_AGGRESSIVE;
				CLANG_CXX_LANGUAGE_STANDARD = "gnu++14";
				CLANG_CXX_LIBRARY = "libc++";
				CLANG_ENABLE_MODULES = YES;
				CLANG_ENABLE_OBJC_ARC = YES;
				CLANG_WARN_BLOCK_CAPTURE_AUTORELEASING = YES;
				CLANG_WARN_BOOL_CONVERSION = YES;
				CLANG_WARN_COMMA = YES;
				CLANG_WARN_CONSTANT_CONVERSION = YES;
				CLANG_WARN_DEPRECATED_OBJC_IMPLEMENTATIONS = YES;
				CLANG_WARN_DIRECT_OBJC_ISA_USAGE = YES_ERROR;
				CLANG_WARN_DOCUMENTATION_COMMENTS = YES;
				CLANG_WARN_EMPTY_BODY = YES;
				CLANG_WARN_ENUM_CONVERSION = YES;
				CLANG_WARN_INFINITE_RECURSION = YES;
				CLANG_WARN_INT_CONVERSION = YES;
				CLANG_WARN_NON_LITERAL_NULL_CONVERSION = YES;
				CLANG_WARN_OBJC_IMPLICIT_RETAIN_SELF = YES;
				CLANG_WARN_OBJC_LITERAL_CONVERSION = YES;
				CLANG_WARN_OBJC_ROOT_CLASS = YES_ERROR;
				CLANG_WARN_RANGE_LOOP_ANALYSIS = YES;
				CLANG_WARN_STRICT_PROTOTYPES = YES;
				CLANG_WARN_SUSPICIOUS_MOVE = YES;
				CLANG_WARN_UNGUARDED_AVAILABILITY = YES_AGGRESSIVE;
				CLANG_WARN_UNREACHABLE_CODE = YES;
				CLANG_WARN__DUPLICATE_METHOD_MATCH = YES;
				CODE_SIGN_IDENTITY = "iPhone Developer";
				COPY_PHASE_STRIP = NO;
				DEBUG_INFORMATION_FORMAT = dwarf;
				ENABLE_STRICT_OBJC_MSGSEND = YES;
				ENABLE_TESTABILITY = YES;
				GCC_C_LANGUAGE_STANDARD = gnu11;
				GCC_DYNAMIC_NO_PIC = NO;
				GCC_NO_COMMON_BLOCKS = YES;
				GCC_OPTIMIZATION_LEVEL = 0;
				GCC_PREPROCESSOR_DEFINITIONS = (
					"DEBUG=1",
					"$(inherited)",
				);
				GCC_WARN_64_TO_32_BIT_CONVERSION = YES;
				GCC_WARN_ABOUT_RETURN_TYPE = YES_ERROR;
				GCC_WARN_UNDECLARED_SELECTOR = YES;
				GCC_WARN_UNINITIALIZED_AUTOS = YES_AGGRESSIVE;
				GCC_WARN_UNUSED_FUNCTION = YES;
				GCC_WARN_UNUSED_VARIABLE = YES;
				IPHONEOS_DEPLOYMENT_TARGET = 11.2;
				MTL_ENABLE_DEBUG_INFO = YES;
				ONLY_ACTIVE_ARCH = YES;
				SDKROOT = iphoneos;
				SWIFT_ACTIVE_COMPILATION_CONDITIONS = DEBUG;
				SWIFT_OPTIMIZATION_LEVEL = "-Onone";
			};
			name = Debug;
		};
		AAEC237820AE303D00A7A569 /* Release */ = {
			isa = XCBuildConfiguration;
			buildSettings = {
				ALWAYS_SEARCH_USER_PATHS = NO;
				CLANG_ANALYZER_NONNULL = YES;
				CLANG_ANALYZER_NUMBER_OBJECT_CONVERSION = YES_AGGRESSIVE;
				CLANG_CXX_LANGUAGE_STANDARD = "gnu++14";
				CLANG_CXX_LIBRARY = "libc++";
				CLANG_ENABLE_MODULES = YES;
				CLANG_ENABLE_OBJC_ARC = YES;
				CLANG_WARN_BLOCK_CAPTURE_AUTORELEASING = YES;
				CLANG_WARN_BOOL_CONVERSION = YES;
				CLANG_WARN_COMMA = YES;
				CLANG_WARN_CONSTANT_CONVERSION = YES;
				CLANG_WARN_DEPRECATED_OBJC_IMPLEMENTATIONS = YES;
				CLANG_WARN_DIRECT_OBJC_ISA_USAGE = YES_ERROR;
				CLANG_WARN_DOCUMENTATION_COMMENTS = YES;
				CLANG_WARN_EMPTY_BODY = YES;
				CLANG_WARN_ENUM_CONVERSION = YES;
				CLANG_WARN_INFINITE_RECURSION = YES;
				CLANG_WARN_INT_CONVERSION = YES;
				CLANG_WARN_NON_LITERAL_NULL_CONVERSION = YES;
				CLANG_WARN_OBJC_IMPLICIT_RETAIN_SELF = YES;
				CLANG_WARN_OBJC_LITERAL_CONVERSION = YES;
				CLANG_WARN_OBJC_ROOT_CLASS = YES_ERROR;
				CLANG_WARN_RANGE_LOOP_ANALYSIS = YES;
				CLANG_WARN_STRICT_PROTOTYPES = YES;
				CLANG_WARN_SUSPICIOUS_MOVE = YES;
				CLANG_WARN_UNGUARDED_AVAILABILITY = YES_AGGRESSIVE;
				CLANG_WARN_UNREACHABLE_CODE = YES;
				CLANG_WARN__DUPLICATE_METHOD_MATCH = YES;
				CODE_SIGN_IDENTITY = "iPhone Developer";
				COPY_PHASE_STRIP = NO;
				DEBUG_INFORMATION_FORMAT = "dwarf-with-dsym";
				ENABLE_NS_ASSERTIONS = NO;
				ENABLE_STRICT_OBJC_MSGSEND = YES;
				GCC_C_LANGUAGE_STANDARD = gnu11;
				GCC_NO_COMMON_BLOCKS = YES;
				GCC_WARN_64_TO_32_BIT_CONVERSION = YES;
				GCC_WARN_ABOUT_RETURN_TYPE = YES_ERROR;
				GCC_WARN_UNDECLARED_SELECTOR = YES;
				GCC_WARN_UNINITIALIZED_AUTOS = YES_AGGRESSIVE;
				GCC_WARN_UNUSED_FUNCTION = YES;
				GCC_WARN_UNUSED_VARIABLE = YES;
				IPHONEOS_DEPLOYMENT_TARGET = 11.2;
				MTL_ENABLE_DEBUG_INFO = NO;
				SDKROOT = iphoneos;
				SWIFT_OPTIMIZATION_LEVEL = "-Owholemodule";
				VALIDATE_PRODUCT = YES;
			};
			name = Release;
		};
		AAEC237A20AE303D00A7A569 /* Debug */ = {
			isa = XCBuildConfiguration;
			baseConfigurationReference = D91EC1AB484A56A422FB92AA /* Pods-ReviewApp.debug.xcconfig */;
			buildSettings = {
				ASSETCATALOG_COMPILER_APPICON_NAME = AppIcon;
				CODE_SIGN_STYLE = Automatic;
				DEVELOPMENT_TEAM = G2KNTZ567B;
				INFOPLIST_FILE = ReviewApp/Info.plist;
				LD_RUNPATH_SEARCH_PATHS = "$(inherited) @executable_path/Frameworks";
				PRODUCT_BUNDLE_IDENTIFIER = com.GebulotSL.ReviewApp;
				PRODUCT_NAME = "$(TARGET_NAME)";
				SWIFT_VERSION = 4.0;
				TARGETED_DEVICE_FAMILY = "1,2";
			};
			name = Debug;
		};
		AAEC237B20AE303D00A7A569 /* Release */ = {
			isa = XCBuildConfiguration;
			baseConfigurationReference = F0CCA1F021D4D305B51BFA60 /* Pods-ReviewApp.release.xcconfig */;
			buildSettings = {
				ASSETCATALOG_COMPILER_APPICON_NAME = AppIcon;
				CODE_SIGN_STYLE = Automatic;
				DEVELOPMENT_TEAM = G2KNTZ567B;
				INFOPLIST_FILE = ReviewApp/Info.plist;
				LD_RUNPATH_SEARCH_PATHS = "$(inherited) @executable_path/Frameworks";
				PRODUCT_BUNDLE_IDENTIFIER = com.GebulotSL.ReviewApp;
				PRODUCT_NAME = "$(TARGET_NAME)";
				SWIFT_VERSION = 4.0;
				TARGETED_DEVICE_FAMILY = "1,2";
			};
			name = Release;
		};
/* End XCBuildConfiguration section */

/* Begin XCConfigurationList section */
		AAEC236220AE303D00A7A569 /* Build configuration list for PBXProject "ReviewApp" */ = {
			isa = XCConfigurationList;
			buildConfigurations = (
				AAEC237720AE303D00A7A569 /* Debug */,
				AAEC237820AE303D00A7A569 /* Release */,
			);
			defaultConfigurationIsVisible = 0;
			defaultConfigurationName = Release;
		};
		AAEC237920AE303D00A7A569 /* Build configuration list for PBXNativeTarget "ReviewApp" */ = {
			isa = XCConfigurationList;
			buildConfigurations = (
				AAEC237A20AE303D00A7A569 /* Debug */,
				AAEC237B20AE303D00A7A569 /* Release */,
			);
			defaultConfigurationIsVisible = 0;
			defaultConfigurationName = Release;
		};
/* End XCConfigurationList section */
	};
	rootObject = AAEC235F20AE303D00A7A569 /* Project object */;
}
